
Microsoft Visual Studio Solution File, Format Version 12.00
# Visual Studio Version 16
VisualStudioVersion = 16.0.29409.12
MinimumVisualStudioVersion = 10.0.40219.1
Project("{888888A0-9F3D-457C-B088-3A5042F75D52}") = "py_game", "py_game\py_game.pyproj", "{2F97C701-BF48-4B56-8E68-F92D22AB7376}"
EndProject
Global
	GlobalSection(SolutionConfigurationPlatforms) = preSolution
		Debug|Any CPU = Debug|Any CPU
		Release|Any CPU = Release|Any CPU
	EndGlobalSection
	GlobalSection(ProjectConfigurationPlatforms) = postSolution
		{2F97C701-BF48-4B56-8E68-F92D22AB7376}.Debug|Any CPU.ActiveCfg = Debug|Any CPU
		{2F97C701-BF48-4B56-8E68-F92D22AB7376}.Release|Any CPU.ActiveCfg = Release|Any CPU
	EndGlobalSection
	GlobalSection(SolutionProperties) = preSolution
		HideSolutionNode = FALSE
	EndGlobalSection
	GlobalSection(ExtensibilityGlobals) = postSolution
		SolutionGuid = {10D358EF-6F39-4ED9-A27F-ADC6CD10DFE1}
	EndGlobalSection
EndGlobal
