
Microsoft Visual Studio Solution File, Format Version 12.00
# Visual Studio Version 16
VisualStudioVersion = 16.0.28803.156
MinimumVisualStudioVersion = 10.0.40219.1
Project("{FAE04EC0-301F-11D3-BF4B-00C04F79EFBC}") = "FuckCNSS", "FuckCNSS\FuckCNSS.csproj", "{A3B117AE-5C67-47C7-896A-BD064C8A4044}"
EndProject
Global
	GlobalSection(SolutionConfigurationPlatforms) = preSolution
		Debug|Any CPU = Debug|Any CPU
		Release|Any CPU = Release|Any CPU
	EndGlobalSection
	GlobalSection(ProjectConfigurationPlatforms) = postSolution
		{A3B117AE-5C67-47C7-896A-BD064C8A4044}.Debug|Any CPU.ActiveCfg = Debug|Any CPU
		{A3B117AE-5C67-47C7-896A-BD064C8A4044}.Debug|Any CPU.Build.0 = Debug|Any CPU
		{A3B117AE-5C67-47C7-896A-BD064C8A4044}.Release|Any CPU.ActiveCfg = Release|Any CPU
		{A3B117AE-5C67-47C7-896A-BD064C8A4044}.Release|Any CPU.Build.0 = Release|Any CPU
	EndGlobalSection
	GlobalSection(SolutionProperties) = preSolution
		HideSolutionNode = FALSE
	EndGlobalSection
	GlobalSection(ExtensibilityGlobals) = postSolution
		SolutionGuid = {A0792A51-40CF-4491-A804-9B5F71A87849}
	EndGlobalSection
EndGlobal
